
Microsoft Visual Studio Solution File, Format Version 12.00
# Visual Studio 14
VisualStudioVersion = 14.0.25420.1
MinimumVisualStudioVersion = 10.0.40219.1
Project("{FAE04EC0-301F-11D3-BF4B-00C04F79EFBC}") = "PIM.API", "PIM\PIM.API.csproj", "{5D287F2F-AEAA-4AAC-BFAC-42297E8D9D16}"
EndProject
Project("{FAE04EC0-301F-11D3-BF4B-00C04F79EFBC}") = "PIM.Data", "PIM.Data\PIM.Data.csproj", "{54B2792D-37E6-4B61-9707-33A271874D22}"
EndProject
Project("{FAE04EC0-301F-11D3-BF4B-00C04F79EFBC}") = "PIM.JobService", "PIM.JobService\PIM.JobService.csproj", "{E5C011A4-7888-468B-A0AF-2733418E75B4}"
EndProject
Global
	GlobalSection(SolutionConfigurationPlatforms) = preSolution
		Debug|Any CPU = Debug|Any CPU
		Release|Any CPU = Release|Any CPU
	EndGlobalSection
	GlobalSection(ProjectConfigurationPlatforms) = postSolution
		{5D287F2F-AEAA-4AAC-BFAC-42297E8D9D16}.Debug|Any CPU.ActiveCfg = Debug|Any CPU
		{5D287F2F-AEAA-4AAC-BFAC-42297E8D9D16}.Debug|Any CPU.Build.0 = Debug|Any CPU
		{5D287F2F-AEAA-4AAC-BFAC-42297E8D9D16}.Release|Any CPU.ActiveCfg = Release|Any CPU
		{5D287F2F-AEAA-4AAC-BFAC-42297E8D9D16}.Release|Any CPU.Build.0 = Release|Any CPU
		{54B2792D-37E6-4B61-9707-33A271874D22}.Debug|Any CPU.ActiveCfg = Debug|Any CPU
		{54B2792D-37E6-4B61-9707-33A271874D22}.Debug|Any CPU.Build.0 = Debug|Any CPU
		{54B2792D-37E6-4B61-9707-33A271874D22}.Release|Any CPU.ActiveCfg = Release|Any CPU
		{54B2792D-37E6-4B61-9707-33A271874D22}.Release|Any CPU.Build.0 = Release|Any CPU
		{E5C011A4-7888-468B-A0AF-2733418E75B4}.Debug|Any CPU.ActiveCfg = Debug|Any CPU
		{E5C011A4-7888-468B-A0AF-2733418E75B4}.Debug|Any CPU.Build.0 = Debug|Any CPU
		{E5C011A4-7888-468B-A0AF-2733418E75B4}.Release|Any CPU.ActiveCfg = Release|Any CPU
		{E5C011A4-7888-468B-A0AF-2733418E75B4}.Release|Any CPU.Build.0 = Release|Any CPU
	EndGlobalSection
	GlobalSection(SolutionProperties) = preSolution
		HideSolutionNode = FALSE
	EndGlobalSection
EndGlobal
